{
  "version": 4,
  "terraform_version": "1.10.0",
  "serial": 10,
  "lineage": "8e20b528-4ccc-37af-b3ff-7cfc602411b0",
  "outputs": {},
  "resources": [
    {
      "mode": "managed",
      "type": "azurerm_app_service_source_control",
      "name": "example",
      "provider": "provider[\"registry.terraform.io/hashicorp/azurerm\"]",
      "instances": [
        {
          "schema_version": 0,
          "attributes": {
            "app_id": "/subscriptions/79d904d1-d5d4-45bf-a049-0f7392866159/resourceGroups/ContactsBookRG-7163/providers/Microsoft.Web/sites/contacts7163",
            "branch": "main",
            "github_action_configuration": [],
            "id": "/subscriptions/79d904d1-d5d4-45bf-a049-0f7392866159/resourceGroups/ContactsBookRG-7163/providers/Microsoft.Web/sites/contacts7163",
            "repo_url": "https://github.com/nakov/ContactBook",
            "rollback_enabled": false,
            "scm_type": "ExternalGit",
            "timeouts": null,
            "use_local_git": false,
            "use_manual_integration": true,
            "use_mercurial": false,
            "uses_github_action": false
          },
          "sensitive_attributes": [],
          "private": "eyJlMmJmYjczMC1lY2FhLTExZTYtOGY4OC0zNDM2M2JjN2M0YzAiOnsiY3JlYXRlIjoxODAwMDAwMDAwMDAwLCJkZWxldGUiOjE4MDAwMDAwMDAwMDAsInJlYWQiOjMwMDAwMDAwMDAwMH19",
          "dependencies": [
            "azurerm_linux_web_app.example",
            "azurerm_resource_group.mitkorg",
            "azurerm_service_plan.example",
            "random_integer.ri"
          ]
        }
      ]
    },
    {
      "mode": "managed",
      "type": "azurerm_linux_web_app",
      "name": "example",
      "provider": "provider[\"registry.terraform.io/hashicorp/azurerm\"]",
      "instances": [
        {
          "schema_version": 1,
          "attributes": {
            "app_settings": null,
            "auth_settings": [],
            "auth_settings_v2": [],
            "backup": [],
            "client_affinity_enabled": false,
            "client_certificate_enabled": false,
            "client_certificate_exclusion_paths": "",
            "client_certificate_mode": "Required",
            "connection_string": [],
            "custom_domain_verification_id": "27848D4511E4CF3C5ED406EA486A44C9FDB3B5F251C14DFD8FAE83FD6844DA24",
            "default_hostname": "contacts7163.azurewebsites.net",
            "enabled": true,
            "ftp_publish_basic_authentication_enabled": true,
            "hosting_environment_id": "",
            "https_only": false,
            "id": "/subscriptions/79d904d1-d5d4-45bf-a049-0f7392866159/resourceGroups/ContactsBookRG-7163/providers/Microsoft.Web/sites/contacts7163",
            "identity": [],
            "key_vault_reference_identity_id": "SystemAssigned",
            "kind": "app,linux",
            "location": "westeurope",
            "logs": [],
            "name": "contacts7163",
            "outbound_ip_address_list": [
              "20.238.240.222",
              "20.238.240.232",
              "20.238.240.234",
              "20.238.240.236",
              "20.31.47.225",
              "20.31.47.171",
              "20.105.232.16"
            ],
            "outbound_ip_addresses": "20.238.240.222,20.238.240.232,20.238.240.234,20.238.240.236,20.31.47.225,20.31.47.171,20.105.232.16",
            "possible_outbound_ip_address_list": [
              "20.238.240.222",
              "20.238.240.232",
              "20.238.240.234",
              "20.238.240.236",
              "20.31.47.225",
              "20.31.47.171",
              "20.31.43.8",
              "20.31.42.62",
              "20.31.47.232",
              "20.238.240.185",
              "20.238.240.104",
              "20.31.47.235",
              "20.31.47.237",
              "20.31.47.238",
              "20.238.240.149",
              "20.238.240.42",
              "20.238.240.151",
              "20.238.240.153",
              "20.238.240.106",
              "20.123.238.232",
              "20.31.41.31",
              "20.31.45.65",
              "20.31.42.202",
              "20.31.43.51",
              "20.105.232.16"
            ],
            "possible_outbound_ip_addresses": "20.238.240.222,20.238.240.232,20.238.240.234,20.238.240.236,20.31.47.225,20.31.47.171,20.31.43.8,20.31.42.62,20.31.47.232,20.238.240.185,20.238.240.104,20.31.47.235,20.31.47.237,20.31.47.238,20.238.240.149,20.238.240.42,20.238.240.151,20.238.240.153,20.238.240.106,20.123.238.232,20.31.41.31,20.31.45.65,20.31.42.202,20.31.43.51,20.105.232.16",
            "public_network_access_enabled": true,
            "resource_group_name": "ContactsBookRG-7163",
            "service_plan_id": "/subscriptions/79d904d1-d5d4-45bf-a049-0f7392866159/resourceGroups/ContactsBookRG-7163/providers/Microsoft.Web/serverFarms/mitkowsp",
            "site_config": [
              {
                "always_on": false,
                "api_definition_url": "",
                "api_management_api_id": "",
                "app_command_line": "",
                "application_stack": [
                  {
                    "docker_image_name": "",
                    "docker_registry_password": "",
                    "docker_registry_url": "",
                    "docker_registry_username": "",
                    "dotnet_version": "",
                    "go_version": "",
                    "java_server": "",
                    "java_server_version": "",
                    "java_version": "",
                    "node_version": "16-lts",
                    "php_version": "",
                    "python_version": "",
                    "ruby_version": ""
                  }
                ],
                "auto_heal_setting": [],
                "container_registry_managed_identity_client_id": "",
                "container_registry_use_managed_identity": false,
                "cors": [],
                "default_documents": [
                  "Default.htm",
                  "Default.html",
                  "Default.asp",
                  "index.htm",
                  "index.html",
                  "iisstart.htm",
                  "default.aspx",
                  "index.php",
                  "hostingstart.html"
                ],
                "detailed_error_logging_enabled": false,
                "ftps_state": "Disabled",
                "health_check_eviction_time_in_min": 0,
                "health_check_path": "",
                "http2_enabled": false,
                "ip_restriction": [],
                "ip_restriction_default_action": "Allow",
                "linux_fx_version": "NODE|16-lts",
                "load_balancing_mode": "LeastRequests",
                "local_mysql_enabled": false,
                "managed_pipeline_mode": "Integrated",
                "minimum_tls_version": "1.2",
                "remote_debugging_enabled": false,
                "remote_debugging_version": "VS2022",
                "scm_ip_restriction": [],
                "scm_ip_restriction_default_action": "Allow",
                "scm_minimum_tls_version": "1.2",
                "scm_type": "None",
                "scm_use_main_ip_restriction": false,
                "use_32_bit_worker": true,
                "vnet_route_all_enabled": false,
                "websockets_enabled": false,
                "worker_count": 1
              }
            ],
            "site_credential": [
              {
                "name": "$contacts7163",
                "password": "5xwtAsuC6p08TcmhgjH8v6dhviBbujltu124p0SucbrmjnoH8svDduoGuklo"
              }
            ],
            "sticky_settings": [],
            "storage_account": [],
            "tags": null,
            "timeouts": null,
            "virtual_network_subnet_id": "",
            "webdeploy_publish_basic_authentication_enabled": true,
            "zip_deploy_file": ""
          },
          "sensitive_attributes": [
            [
              {
                "type": "get_attr",
                "value": "site_credential"
              }
            ],
            [
              {
                "type": "get_attr",
                "value": "custom_domain_verification_id"
              }
            ],
            [
              {
                "type": "get_attr",
                "value": "site_config"
              },
              {
                "type": "index",
                "value": {
                  "value": 0,
                  "type": "number"
                }
              },
              {
                "type": "get_attr",
                "value": "application_stack"
              },
              {
                "type": "index",
                "value": {
                  "value": 0,
                  "type": "number"
                }
              },
              {
                "type": "get_attr",
                "value": "docker_registry_password"
              }
            ]
          ],
          "private": "eyJlMmJmYjczMC1lY2FhLTExZTYtOGY4OC0zNDM2M2JjN2M0YzAiOnsiY3JlYXRlIjoxODAwMDAwMDAwMDAwLCJkZWxldGUiOjE4MDAwMDAwMDAwMDAsInJlYWQiOjMwMDAwMDAwMDAwMCwidXBkYXRlIjoxODAwMDAwMDAwMDAwfSwic2NoZW1hX3ZlcnNpb24iOiIxIn0=",
          "dependencies": [
            "azurerm_resource_group.mitkorg",
            "azurerm_service_plan.example",
            "random_integer.ri"
          ]
        }
      ]
    },
    {
      "mode": "managed",
      "type": "azurerm_resource_group",
      "name": "mitkorg",
      "provider": "provider[\"registry.terraform.io/hashicorp/azurerm\"]",
      "instances": [
        {
          "schema_version": 0,
          "attributes": {
            "id": "/subscriptions/79d904d1-d5d4-45bf-a049-0f7392866159/resourceGroups/ContactsBookRG-7163",
            "location": "westeurope",
            "managed_by": "",
            "name": "ContactsBookRG-7163",
            "tags": {},
            "timeouts": null
          },
          "sensitive_attributes": [],
          "private": "eyJlMmJmYjczMC1lY2FhLTExZTYtOGY4OC0zNDM2M2JjN2M0YzAiOnsiY3JlYXRlIjo1NDAwMDAwMDAwMDAwLCJkZWxldGUiOjU0MDAwMDAwMDAwMDAsInJlYWQiOjMwMDAwMDAwMDAwMCwidXBkYXRlIjo1NDAwMDAwMDAwMDAwfX0=",
          "dependencies": [
            "random_integer.ri"
          ]
        }
      ]
    },
    {
      "mode": "managed",
      "type": "azurerm_service_plan",
      "name": "example",
      "provider": "provider[\"registry.terraform.io/hashicorp/azurerm\"]",
      "instances": [
        {
          "schema_version": 1,
          "attributes": {
            "app_service_environment_id": "",
            "id": "/subscriptions/79d904d1-d5d4-45bf-a049-0f7392866159/resourceGroups/ContactsBookRG-7163/providers/Microsoft.Web/serverFarms/mitkowsp",
            "kind": "linux",
            "location": "westeurope",
            "maximum_elastic_worker_count": 1,
            "name": "mitkowsp",
            "os_type": "Linux",
            "per_site_scaling_enabled": false,
            "reserved": true,
            "resource_group_name": "ContactsBookRG-7163",
            "sku_name": "F1",
            "tags": null,
            "timeouts": null,
            "worker_count": 1,
            "zone_balancing_enabled": false
          },
          "sensitive_attributes": [],
          "private": "eyJlMmJmYjczMC1lY2FhLTExZTYtOGY4OC0zNDM2M2JjN2M0YzAiOnsiY3JlYXRlIjozNjAwMDAwMDAwMDAwLCJkZWxldGUiOjM2MDAwMDAwMDAwMDAsInJlYWQiOjMwMDAwMDAwMDAwMCwidXBkYXRlIjozNjAwMDAwMDAwMDAwfSwic2NoZW1hX3ZlcnNpb24iOiIxIn0=",
          "dependencies": [
            "azurerm_resource_group.mitkorg",
            "random_integer.ri"
          ]
        }
      ]
    },
    {
      "mode": "managed",
      "type": "random_integer",
      "name": "ri",
      "provider": "provider[\"registry.terraform.io/hashicorp/random\"]",
      "instances": [
        {
          "schema_version": 0,
          "attributes": {
            "id": "7163",
            "keepers": null,
            "max": 9999,
            "min": 1000,
            "result": 7163,
            "seed": null
          },
          "sensitive_attributes": []
        }
      ]
    }
  ],
  "check_results": null
}
